// !$*UTF8*$!
{
	archiveVersion = 1;
	classes = {
	};
	objectVersion = 56;
	objects = {

/* Begin PBXBuildFile section */
		6A4BD2972B34ACD4008C24E6 /* OfertaTableViewCell.swift in Sources */ = {isa = PBXBuildFile; fileRef = 6A4BD2952B34ACD4008C24E6 /* OfertaTableViewCell.swift */; };
		6A4BD2982B34ACD4008C24E6 /* OfertaTableViewCell.xib in Resources */ = {isa = PBXBuildFile; fileRef = 6A4BD2962B34ACD4008C24E6 /* OfertaTableViewCell.xib */; };
		6A4BD29A2B34ADA3008C24E6 /* ViagemOfertaViewModel.swift in Sources */ = {isa = PBXBuildFile; fileRef = 6A4BD2992B34ADA3008C24E6 /* ViagemOfertaViewModel.swift */; };
		6A4BD2A02B34CDD3008C24E6 /* DetalheViewController.swift in Sources */ = {isa = PBXBuildFile; fileRef = 6A4BD29E2B34CDD3008C24E6 /* DetalheViewController.swift */; };
		6A4BD2A12B34CDD3008C24E6 /* DetalheViewController.xib in Resources */ = {isa = PBXBuildFile; fileRef = 6A4BD29F2B34CDD3008C24E6 /* DetalheViewController.xib */; };
		6AF6F9202B3332EB00901F1F /* AppDelegate.swift in Sources */ = {isa = PBXBuildFile; fileRef = 6AF6F91F2B3332EB00901F1F /* AppDelegate.swift */; };
		6AF6F9222B3332EB00901F1F /* SceneDelegate.swift in Sources */ = {isa = PBXBuildFile; fileRef = 6AF6F9212B3332EB00901F1F /* SceneDelegate.swift */; };
		6AF6F9242B3332EB00901F1F /* ViewController.swift in Sources */ = {isa = PBXBuildFile; fileRef = 6AF6F9232B3332EB00901F1F /* ViewController.swift */; };
		6AF6F9272B3332EB00901F1F /* Main.storyboard in Resources */ = {isa = PBXBuildFile; fileRef = 6AF6F9252B3332EB00901F1F /* Main.storyboard */; };
		6AF6F9292B3332EC00901F1F /* Assets.xcassets in Resources */ = {isa = PBXBuildFile; fileRef = 6AF6F9282B3332EC00901F1F /* Assets.xcassets */; };
		6AF6F92C2B3332EC00901F1F /* LaunchScreen.storyboard in Resources */ = {isa = PBXBuildFile; fileRef = 6AF6F92A2B3332EC00901F1F /* LaunchScreen.storyboard */; };
		6AF6F9342B33368200901F1F /* HomeTableViewHeader.xib in Resources */ = {isa = PBXBuildFile; fileRef = 6AF6F9332B33368200901F1F /* HomeTableViewHeader.xib */; };
		6AF6F9362B3338B400901F1F /* HomeTableViewHeader.swift in Sources */ = {isa = PBXBuildFile; fileRef = 6AF6F9352B3338B400901F1F /* HomeTableViewHeader.swift */; };
		6AF6F93F2B33811000901F1F /* ViagemTableViewCell.swift in Sources */ = {isa = PBXBuildFile; fileRef = 6AF6F93D2B33811000901F1F /* ViagemTableViewCell.swift */; };
		6AF6F9402B33811000901F1F /* ViagemTableViewCell.xib in Resources */ = {isa = PBXBuildFile; fileRef = 6AF6F93E2B33811000901F1F /* ViagemTableViewCell.xib */; };
		6AF6F9432B338E8700901F1F /* server-response.json in Resources */ = {isa = PBXBuildFile; fileRef = 6AF6F9422B338E8700901F1F /* server-response.json */; };
		6AF6F9452B338EC600901F1F /* DecodableData.swift in Sources */ = {isa = PBXBuildFile; fileRef = 6AF6F9442B338EC600901F1F /* DecodableData.swift */; };
		6AF6F9472B338ED500901F1F /* TiposDeViagens.swift in Sources */ = {isa = PBXBuildFile; fileRef = 6AF6F9462B338ED500901F1F /* TiposDeViagens.swift */; };
		6AF6F9492B338EDF00901F1F /* Viagem.swift in Sources */ = {isa = PBXBuildFile; fileRef = 6AF6F9482B338EDF00901F1F /* Viagem.swift */; };
		6AF6F94C2B338EF900901F1F /* UIView+Extension.swift in Sources */ = {isa = PBXBuildFile; fileRef = 6AF6F94B2B338EF900901F1F /* UIView+Extension.swift */; };
		6AF6F94E2B338F4C00901F1F /* ViagemViewModel.swift in Sources */ = {isa = PBXBuildFile; fileRef = 6AF6F94D2B338F4C00901F1F /* ViagemViewModel.swift */; };
		6AF6F9512B338FEF00901F1F /* ViagemDestaqueViewModel.swift in Sources */ = {isa = PBXBuildFile; fileRef = 6AF6F9502B338FEF00901F1F /* ViagemDestaqueViewModel.swift */; };
/* End PBXBuildFile section */

/* Begin PBXFileReference section */
		6A4BD2952B34ACD4008C24E6 /* OfertaTableViewCell.swift */ = {isa = PBXFileReference; lastKnownFileType = sourcecode.swift; path = OfertaTableViewCell.swift; sourceTree = "<group>"; };
		6A4BD2962B34ACD4008C24E6 /* OfertaTableViewCell.xib */ = {isa = PBXFileReference; lastKnownFileType = file.xib; path = OfertaTableViewCell.xib; sourceTree = "<group>"; };
		6A4BD2992B34ADA3008C24E6 /* ViagemOfertaViewModel.swift */ = {isa = PBXFileReference; lastKnownFileType = sourcecode.swift; path = ViagemOfertaViewModel.swift; sourceTree = "<group>"; };
		6A4BD29E2B34CDD3008C24E6 /* DetalheViewController.swift */ = {isa = PBXFileReference; lastKnownFileType = sourcecode.swift; path = DetalheViewController.swift; sourceTree = "<group>"; };
		6A4BD29F2B34CDD3008C24E6 /* DetalheViewController.xib */ = {isa = PBXFileReference; lastKnownFileType = file.xib; path = DetalheViewController.xib; sourceTree = "<group>"; };
		6AF6F91C2B3332EB00901F1F /* AluraViagens.app */ = {isa = PBXFileReference; explicitFileType = wrapper.application; includeInIndex = 0; path = AluraViagens.app; sourceTree = BUILT_PRODUCTS_DIR; };
		6AF6F91F2B3332EB00901F1F /* AppDelegate.swift */ = {isa = PBXFileReference; lastKnownFileType = sourcecode.swift; path = AppDelegate.swift; sourceTree = "<group>"; };
		6AF6F9212B3332EB00901F1F /* SceneDelegate.swift */ = {isa = PBXFileReference; lastKnownFileType = sourcecode.swift; path = SceneDelegate.swift; sourceTree = "<group>"; };
		6AF6F9232B3332EB00901F1F /* ViewController.swift */ = {isa = PBXFileReference; lastKnownFileType = sourcecode.swift; path = ViewController.swift; sourceTree = "<group>"; };
		6AF6F9262B3332EB00901F1F /* Base */ = {isa = PBXFileReference; lastKnownFileType = file.storyboard; name = Base; path = Base.lproj/Main.storyboard; sourceTree = "<group>"; };
		6AF6F9282B3332EC00901F1F /* Assets.xcassets */ = {isa = PBXFileReference; lastKnownFileType = folder.assetcatalog; path = Assets.xcassets; sourceTree = "<group>"; };
		6AF6F92B2B3332EC00901F1F /* Base */ = {isa = PBXFileReference; lastKnownFileType = file.storyboard; name = Base; path = Base.lproj/LaunchScreen.storyboard; sourceTree = "<group>"; };
		6AF6F92D2B3332EC00901F1F /* Info.plist */ = {isa = PBXFileReference; lastKnownFileType = text.plist.xml; path = Info.plist; sourceTree = "<group>"; };
		6AF6F9332B33368200901F1F /* HomeTableViewHeader.xib */ = {isa = PBXFileReference; lastKnownFileType = file.xib; path = HomeTableViewHeader.xib; sourceTree = "<group>"; };
		6AF6F9352B3338B400901F1F /* HomeTableViewHeader.swift */ = {isa = PBXFileReference; lastKnownFileType = sourcecode.swift; path = HomeTableViewHeader.swift; sourceTree = "<group>"; };
		6AF6F93D2B33811000901F1F /* ViagemTableViewCell.swift */ = {isa = PBXFileReference; lastKnownFileType = sourcecode.swift; path = ViagemTableViewCell.swift; sourceTree = "<group>"; };
		6AF6F93E2B33811000901F1F /* ViagemTableViewCell.xib */ = {isa = PBXFileReference; lastKnownFileType = file.xib; path = ViagemTableViewCell.xib; sourceTree = "<group>"; };
		6AF6F9422B338E8700901F1F /* server-response.json */ = {isa = PBXFileReference; fileEncoding = 4; lastKnownFileType = text.json; path = "server-response.json"; sourceTree = "<group>"; };
		6AF6F9442B338EC600901F1F /* DecodableData.swift */ = {isa = PBXFileReference; fileEncoding = 4; lastKnownFileType = sourcecode.swift; path = DecodableData.swift; sourceTree = "<group>"; };
		6AF6F9462B338ED500901F1F /* TiposDeViagens.swift */ = {isa = PBXFileReference; fileEncoding = 4; lastKnownFileType = sourcecode.swift; path = TiposDeViagens.swift; sourceTree = "<group>"; };
		6AF6F9482B338EDF00901F1F /* Viagem.swift */ = {isa = PBXFileReference; fileEncoding = 4; lastKnownFileType = sourcecode.swift; path = Viagem.swift; sourceTree = "<group>"; };
		6AF6F94B2B338EF900901F1F /* UIView+Extension.swift */ = {isa = PBXFileReference; fileEncoding = 4; lastKnownFileType = sourcecode.swift; path = "UIView+Extension.swift"; sourceTree = "<group>"; };
		6AF6F94D2B338F4C00901F1F /* ViagemViewModel.swift */ = {isa = PBXFileReference; lastKnownFileType = sourcecode.swift; path = ViagemViewModel.swift; sourceTree = "<group>"; };
		6AF6F9502B338FEF00901F1F /* ViagemDestaqueViewModel.swift */ = {isa = PBXFileReference; lastKnownFileType = sourcecode.swift; path = ViagemDestaqueViewModel.swift; sourceTree = "<group>"; };
/* End PBXFileReference section */

/* Begin PBXFrameworksBuildPhase section */
		6AF6F9192B3332EB00901F1F /* Frameworks */ = {
			isa = PBXFrameworksBuildPhase;
			buildActionMask = 2147483647;
			files = (
			);
			runOnlyForDeploymentPostprocessing = 0;
		};
/* End PBXFrameworksBuildPhase section */

/* Begin PBXGroup section */
		6A4BD2932B34AC8A008C24E6 /* Destaque */ = {
			isa = PBXGroup;
			children = (
				6AF6F93D2B33811000901F1F /* ViagemTableViewCell.swift */,
				6AF6F93E2B33811000901F1F /* ViagemTableViewCell.xib */,
			);
			path = Destaque;
			sourceTree = "<group>";
		};
		6A4BD2942B34ACAE008C24E6 /* Oferta */ = {
			isa = PBXGroup;
			children = (
				6A4BD2952B34ACD4008C24E6 /* OfertaTableViewCell.swift */,
				6A4BD2962B34ACD4008C24E6 /* OfertaTableViewCell.xib */,
			);
			path = Oferta;
			sourceTree = "<group>";
		};
		6A4BD29D2B34CD8A008C24E6 /* DetalheViewController */ = {
			isa = PBXGroup;
			children = (
				6A4BD29E2B34CDD3008C24E6 /* DetalheViewController.swift */,
				6A4BD29F2B34CDD3008C24E6 /* DetalheViewController.xib */,
			);
			path = DetalheViewController;
			sourceTree = "<group>";
		};
		6AF6F9132B3332EB00901F1F = {
			isa = PBXGroup;
			children = (
				6AF6F91E2B3332EB00901F1F /* AluraViagens */,
				6AF6F91D2B3332EB00901F1F /* Products */,
			);
			sourceTree = "<group>";
		};
		6AF6F91D2B3332EB00901F1F /* Products */ = {
			isa = PBXGroup;
			children = (
				6AF6F91C2B3332EB00901F1F /* AluraViagens.app */,
			);
			name = Products;
			sourceTree = "<group>";
		};
		6AF6F91E2B3332EB00901F1F /* AluraViagens */ = {
			isa = PBXGroup;
			children = (
				6AF6F94A2B338EE700901F1F /* Extensions */,
				6AF6F9372B3376E000901F1F /* AppDelegate */,
				6AF6F9382B33771300901F1F /* Model */,
				6AF6F9392B3377B200901F1F /* View */,
				6AF6F93B2B33780700901F1F /* ViewModel */,
				6AF6F9282B3332EC00901F1F /* Assets.xcassets */,
				6AF6F9412B338E6700901F1F /* Mock */,
				6AF6F92A2B3332EC00901F1F /* LaunchScreen.storyboard */,
				6AF6F92D2B3332EC00901F1F /* Info.plist */,
			);
			path = AluraViagens;
			sourceTree = "<group>";
		};
		6AF6F9372B3376E000901F1F /* AppDelegate */ = {
			isa = PBXGroup;
			children = (
				6AF6F91F2B3332EB00901F1F /* AppDelegate.swift */,
				6AF6F9212B3332EB00901F1F /* SceneDelegate.swift */,
			);
			path = AppDelegate;
			sourceTree = "<group>";
		};
		6AF6F9382B33771300901F1F /* Model */ = {
			isa = PBXGroup;
			children = (
				6AF6F9482B338EDF00901F1F /* Viagem.swift */,
				6AF6F9442B338EC600901F1F /* DecodableData.swift */,
				6AF6F9462B338ED500901F1F /* TiposDeViagens.swift */,
			);
			path = Model;
			sourceTree = "<group>";
		};
		6AF6F9392B3377B200901F1F /* View */ = {
			isa = PBXGroup;
			children = (
				6A4BD29D2B34CD8A008C24E6 /* DetalheViewController */,
				6AF6F93C2B3380E400901F1F /* Cells */,
				6AF6F93A2B3377D900901F1F /* Header */,
				6AF6F9232B3332EB00901F1F /* ViewController.swift */,
				6AF6F9252B3332EB00901F1F /* Main.storyboard */,
			);
			path = View;
			sourceTree = "<group>";
		};
		6AF6F93A2B3377D900901F1F /* Header */ = {
			isa = PBXGroup;
			children = (
				6AF6F9352B3338B400901F1F /* HomeTableViewHeader.swift */,
				6AF6F9332B33368200901F1F /* HomeTableViewHeader.xib */,
			);
			path = Header;
			sourceTree = "<group>";
		};
		6AF6F93B2B33780700901F1F /* ViewModel */ = {
			isa = PBXGroup;
			children = (
				6AF6F94D2B338F4C00901F1F /* ViagemViewModel.swift */,
				6AF6F9502B338FEF00901F1F /* ViagemDestaqueViewModel.swift */,
				6A4BD2992B34ADA3008C24E6 /* ViagemOfertaViewModel.swift */,
			);
			path = ViewModel;
			sourceTree = "<group>";
		};
		6AF6F93C2B3380E400901F1F /* Cells */ = {
			isa = PBXGroup;
			children = (
				6A4BD2942B34ACAE008C24E6 /* Oferta */,
				6A4BD2932B34AC8A008C24E6 /* Destaque */,
			);
			path = Cells;
			sourceTree = "<group>";
		};
		6AF6F9412B338E6700901F1F /* Mock */ = {
			isa = PBXGroup;
			children = (
				6AF6F9422B338E8700901F1F /* server-response.json */,
			);
			path = Mock;
			sourceTree = "<group>";
		};
		6AF6F94A2B338EE700901F1F /* Extensions */ = {
			isa = PBXGroup;
			children = (
				6AF6F94B2B338EF900901F1F /* UIView+Extension.swift */,
			);
			path = Extensions;
			sourceTree = "<group>";
		};
/* End PBXGroup section */

/* Begin PBXNativeTarget section */
		6AF6F91B2B3332EB00901F1F /* AluraViagens */ = {
			isa = PBXNativeTarget;
			buildConfigurationList = 6AF6F9302B3332EC00901F1F /* Build configuration list for PBXNativeTarget "AluraViagens" */;
			buildPhases = (
				6AF6F9182B3332EB00901F1F /* Sources */,
				6AF6F9192B3332EB00901F1F /* Frameworks */,
				6AF6F91A2B3332EB00901F1F /* Resources */,
			);
			buildRules = (
			);
			dependencies = (
			);
			name = AluraViagens;
			productName = AluraViagens;
			productReference = 6AF6F91C2B3332EB00901F1F /* AluraViagens.app */;
			productType = "com.apple.product-type.application";
		};
/* End PBXNativeTarget section */

/* Begin PBXProject section */
		6AF6F9142B3332EB00901F1F /* Project object */ = {
			isa = PBXProject;
			attributes = {
				BuildIndependentTargetsInParallel = 1;
				LastSwiftUpdateCheck = 1510;
				LastUpgradeCheck = 1510;
				TargetAttributes = {
					6AF6F91B2B3332EB00901F1F = {
						CreatedOnToolsVersion = 15.1;
					};
				};
			};
			buildConfigurationList = 6AF6F9172B3332EB00901F1F /* Build configuration list for PBXProject "AluraViagens" */;
			compatibilityVersion = "Xcode 14.0";
			developmentRegion = en;
			hasScannedForEncodings = 0;
			knownRegions = (
				en,
				Base,
			);
			mainGroup = 6AF6F9132B3332EB00901F1F;
			productRefGroup = 6AF6F91D2B3332EB00901F1F /* Products */;
			projectDirPath = "";
			projectRoot = "";
			targets = (
				6AF6F91B2B3332EB00901F1F /* AluraViagens */,
			);
		};
/* End PBXProject section */

/* Begin PBXResourcesBuildPhase section */
		6AF6F91A2B3332EB00901F1F /* Resources */ = {
			isa = PBXResourcesBuildPhase;
			buildActionMask = 2147483647;
			files = (
				6A4BD2A12B34CDD3008C24E6 /* DetalheViewController.xib in Resources */,
				6AF6F92C2B3332EC00901F1F /* LaunchScreen.storyboard in Resources */,
				6AF6F9432B338E8700901F1F /* server-response.json in Resources */,
				6AF6F9342B33368200901F1F /* HomeTableViewHeader.xib in Resources */,
				6AF6F9292B3332EC00901F1F /* Assets.xcassets in Resources */,
				6AF6F9272B3332EB00901F1F /* Main.storyboard in Resources */,
				6AF6F9402B33811000901F1F /* ViagemTableViewCell.xib in Resources */,
				6A4BD2982B34ACD4008C24E6 /* OfertaTableViewCell.xib in Resources */,
			);
			runOnlyForDeploymentPostprocessing = 0;
		};
/* End PBXResourcesBuildPhase section */

/* Begin PBXSourcesBuildPhase section */
		6AF6F9182B3332EB00901F1F /* Sources */ = {
			isa = PBXSourcesBuildPhase;
			buildActionMask = 2147483647;
			files = (
				6AF6F9492B338EDF00901F1F /* Viagem.swift in Sources */,
				6AF6F9242B3332EB00901F1F /* ViewController.swift in Sources */,
				6AF6F93F2B33811000901F1F /* ViagemTableViewCell.swift in Sources */,
				6AF6F94C2B338EF900901F1F /* UIView+Extension.swift in Sources */,
				6A4BD29A2B34ADA3008C24E6 /* ViagemOfertaViewModel.swift in Sources */,
				6A4BD2972B34ACD4008C24E6 /* OfertaTableViewCell.swift in Sources */,
				6AF6F9472B338ED500901F1F /* TiposDeViagens.swift in Sources */,
				6AF6F9362B3338B400901F1F /* HomeTableViewHeader.swift in Sources */,
				6AF6F9452B338EC600901F1F /* DecodableData.swift in Sources */,
				6AF6F9202B3332EB00901F1F /* AppDelegate.swift in Sources */,
				6AF6F9222B3332EB00901F1F /* SceneDelegate.swift in Sources */,
				6AF6F94E2B338F4C00901F1F /* ViagemViewModel.swift in Sources */,
				6A4BD2A02B34CDD3008C24E6 /* DetalheViewController.swift in Sources */,
				6AF6F9512B338FEF00901F1F /* ViagemDestaqueViewModel.swift in Sources */,
			);
			runOnlyForDeploymentPostprocessing = 0;
		};
/* End PBXSourcesBuildPhase section */

/* Begin PBXVariantGroup section */
		6AF6F9252B3332EB00901F1F /* Main.storyboard */ = {
			isa = PBXVariantGroup;
			children = (
				6AF6F9262B3332EB00901F1F /* Base */,
			);
			name = Main.storyboard;
			sourceTree = "<group>";
		};
		6AF6F92A2B3332EC00901F1F /* LaunchScreen.storyboard */ = {
			isa = PBXVariantGroup;
			children = (
				6AF6F92B2B3332EC00901F1F /* Base */,
			);
			name = LaunchScreen.storyboard;
			sourceTree = "<group>";
		};
/* End PBXVariantGroup section */

/* Begin XCBuildConfiguration section */
		6AF6F92E2B3332EC00901F1F /* Debug */ = {
			isa = XCBuildConfiguration;
			buildSettings = {
				ALWAYS_SEARCH_USER_PATHS = NO;
				ASSETCATALOG_COMPILER_GENERATE_SWIFT_ASSET_SYMBOL_EXTENSIONS = YES;
				CLANG_ANALYZER_NONNULL = YES;
				CLANG_ANALYZER_NUMBER_OBJECT_CONVERSION = YES_AGGRESSIVE;
				CLANG_CXX_LANGUAGE_STANDARD = "gnu++20";
				CLANG_ENABLE_MODULES = YES;
				CLANG_ENABLE_OBJC_ARC = YES;
				CLANG_ENABLE_OBJC_WEAK = YES;
				CLANG_WARN_BLOCK_CAPTURE_AUTORELEASING = YES;
				CLANG_WARN_BOOL_CONVERSION = YES;
				CLANG_WARN_COMMA = YES;
				CLANG_WARN_CONSTANT_CONVERSION = YES;
				CLANG_WARN_DEPRECATED_OBJC_IMPLEMENTATIONS = YES;
				CLANG_WARN_DIRECT_OBJC_ISA_USAGE = YES_ERROR;
				CLANG_WARN_DOCUMENTATION_COMMENTS = YES;
				CLANG_WARN_EMPTY_BODY = YES;
				CLANG_WARN_ENUM_CONVERSION = YES;
				CLANG_WARN_INFINITE_RECURSION = YES;
				CLANG_WARN_INT_CONVERSION = YES;
				CLANG_WARN_NON_LITERAL_NULL_CONVERSION = YES;
				CLANG_WARN_OBJC_IMPLICIT_RETAIN_SELF = YES;
				CLANG_WARN_OBJC_LITERAL_CONVERSION = YES;
				CLANG_WARN_OBJC_ROOT_CLASS = YES_ERROR;
				CLANG_WARN_QUOTED_INCLUDE_IN_FRAMEWORK_HEADER = YES;
				CLANG_WARN_RANGE_LOOP_ANALYSIS = YES;
				CLANG_WARN_STRICT_PROTOTYPES = YES;
				CLANG_WARN_SUSPICIOUS_MOVE = YES;
				CLANG_WARN_UNGUARDED_AVAILABILITY = YES_AGGRESSIVE;
				CLANG_WARN_UNREACHABLE_CODE = YES;
				CLANG_WARN__DUPLICATE_METHOD_MATCH = YES;
				COPY_PHASE_STRIP = NO;
				DEBUG_INFORMATION_FORMAT = dwarf;
				ENABLE_STRICT_OBJC_MSGSEND = YES;
				ENABLE_TESTABILITY = YES;
				ENABLE_USER_SCRIPT_SANDBOXING = YES;
				GCC_C_LANGUAGE_STANDARD = gnu17;
				GCC_DYNAMIC_NO_PIC = NO;
				GCC_NO_COMMON_BLOCKS = YES;
				GCC_OPTIMIZATION_LEVEL = 0;
				GCC_PREPROCESSOR_DEFINITIONS = (
					"DEBUG=1",
					"$(inherited)",
				);
				GCC_WARN_64_TO_32_BIT_CONVERSION = YES;
				GCC_WARN_ABOUT_RETURN_TYPE = YES_ERROR;
				GCC_WARN_UNDECLARED_SELECTOR = YES;
				GCC_WARN_UNINITIALIZED_AUTOS = YES_AGGRESSIVE;
				GCC_WARN_UNUSED_FUNCTION = YES;
				GCC_WARN_UNUSED_VARIABLE = YES;
				IPHONEOS_DEPLOYMENT_TARGET = 17.2;
				LOCALIZATION_PREFERS_STRING_CATALOGS = YES;
				MTL_ENABLE_DEBUG_INFO = INCLUDE_SOURCE;
				MTL_FAST_MATH = YES;
				ONLY_ACTIVE_ARCH = YES;
				SDKROOT = iphoneos;
				SWIFT_ACTIVE_COMPILATION_CONDITIONS = "DEBUG $(inherited)";
				SWIFT_OPTIMIZATION_LEVEL = "-Onone";
			};
			name = Debug;
		};
		6AF6F92F2B3332EC00901F1F /* Release */ = {
			isa = XCBuildConfiguration;
			buildSettings = {
				ALWAYS_SEARCH_USER_PATHS = NO;
				ASSETCATALOG_COMPILER_GENERATE_SWIFT_ASSET_SYMBOL_EXTENSIONS = YES;
				CLANG_ANALYZER_NONNULL = YES;
				CLANG_ANALYZER_NUMBER_OBJECT_CONVERSION = YES_AGGRESSIVE;
				CLANG_CXX_LANGUAGE_STANDARD = "gnu++20";
				CLANG_ENABLE_MODULES = YES;
				CLANG_ENABLE_OBJC_ARC = YES;
				CLANG_ENABLE_OBJC_WEAK = YES;
				CLANG_WARN_BLOCK_CAPTURE_AUTORELEASING = YES;
				CLANG_WARN_BOOL_CONVERSION = YES;
				CLANG_WARN_COMMA = YES;
				CLANG_WARN_CONSTANT_CONVERSION = YES;
				CLANG_WARN_DEPRECATED_OBJC_IMPLEMENTATIONS = YES;
				CLANG_WARN_DIRECT_OBJC_ISA_USAGE = YES_ERROR;
				CLANG_WARN_DOCUMENTATION_COMMENTS = YES;
				CLANG_WARN_EMPTY_BODY = YES;
				CLANG_WARN_ENUM_CONVERSION = YES;
				CLANG_WARN_INFINITE_RECURSION = YES;
				CLANG_WARN_INT_CONVERSION = YES;
				CLANG_WARN_NON_LITERAL_NULL_CONVERSION = YES;
				CLANG_WARN_OBJC_IMPLICIT_RETAIN_SELF = YES;
				CLANG_WARN_OBJC_LITERAL_CONVERSION = YES;
				CLANG_WARN_OBJC_ROOT_CLASS = YES_ERROR;
				CLANG_WARN_QUOTED_INCLUDE_IN_FRAMEWORK_HEADER = YES;
				CLANG_WARN_RANGE_LOOP_ANALYSIS = YES;
				CLANG_WARN_STRICT_PROTOTYPES = YES;
				CLANG_WARN_SUSPICIOUS_MOVE = YES;
				CLANG_WARN_UNGUARDED_AVAILABILITY = YES_AGGRESSIVE;
				CLANG_WARN_UNREACHABLE_CODE = YES;
				CLANG_WARN__DUPLICATE_METHOD_MATCH = YES;
				COPY_PHASE_STRIP = NO;
				DEBUG_INFORMATION_FORMAT = "dwarf-with-dsym";
				ENABLE_NS_ASSERTIONS = NO;
				ENABLE_STRICT_OBJC_MSGSEND = YES;
				ENABLE_USER_SCRIPT_SANDBOXING = YES;
				GCC_C_LANGUAGE_STANDARD = gnu17;
				GCC_NO_COMMON_BLOCKS = YES;
				GCC_WARN_64_TO_32_BIT_CONVERSION = YES;
				GCC_WARN_ABOUT_RETURN_TYPE = YES_ERROR;
				GCC_WARN_UNDECLARED_SELECTOR = YES;
				GCC_WARN_UNINITIALIZED_AUTOS = YES_AGGRESSIVE;
				GCC_WARN_UNUSED_FUNCTION = YES;
				GCC_WARN_UNUSED_VARIABLE = YES;
				IPHONEOS_DEPLOYMENT_TARGET = 17.2;
				LOCALIZATION_PREFERS_STRING_CATALOGS = YES;
				MTL_ENABLE_DEBUG_INFO = NO;
				MTL_FAST_MATH = YES;
				SDKROOT = iphoneos;
				SWIFT_COMPILATION_MODE = wholemodule;
				VALIDATE_PRODUCT = YES;
			};
			name = Release;
		};
		6AF6F9312B3332EC00901F1F /* Debug */ = {
			isa = XCBuildConfiguration;
			buildSettings = {
				ASSETCATALOG_COMPILER_APPICON_NAME = AppIcon;
				ASSETCATALOG_COMPILER_GLOBAL_ACCENT_COLOR_NAME = AccentColor;
				CODE_SIGN_STYLE = Automatic;
				CURRENT_PROJECT_VERSION = 1;
				GENERATE_INFOPLIST_FILE = YES;
				INFOPLIST_FILE = AluraViagens/Info.plist;
				INFOPLIST_KEY_UIApplicationSupportsIndirectInputEvents = YES;
				INFOPLIST_KEY_UILaunchStoryboardName = LaunchScreen;
				INFOPLIST_KEY_UIMainStoryboardFile = Main;
				INFOPLIST_KEY_UISupportedInterfaceOrientations_iPad = "UIInterfaceOrientationPortrait UIInterfaceOrientationPortraitUpsideDown UIInterfaceOrientationLandscapeLeft UIInterfaceOrientationLandscapeRight";
				INFOPLIST_KEY_UISupportedInterfaceOrientations_iPhone = "UIInterfaceOrientationPortrait UIInterfaceOrientationLandscapeLeft UIInterfaceOrientationLandscapeRight";
				IPHONEOS_DEPLOYMENT_TARGET = 16.1;
				LD_RUNPATH_SEARCH_PATHS = (
					"$(inherited)",
					"@executable_path/Frameworks",
				);
				MARKETING_VERSION = 1.0;
				PRODUCT_BUNDLE_IDENTIFIER = ricardo.amaral.AluraViagens;
				PRODUCT_NAME = "$(TARGET_NAME)";
				SWIFT_EMIT_LOC_STRINGS = YES;
				SWIFT_VERSION = 5.0;
				TARGETED_DEVICE_FAMILY = "1,2";
			};
			name = Debug;
		};
		6AF6F9322B3332EC00901F1F /* Release */ = {
			isa = XCBuildConfiguration;
			buildSettings = {
				ASSETCATALOG_COMPILER_APPICON_NAME = AppIcon;
				ASSETCATALOG_COMPILER_GLOBAL_ACCENT_COLOR_NAME = AccentColor;
				CODE_SIGN_STYLE = Automatic;
				CURRENT_PROJECT_VERSION = 1;
				GENERATE_INFOPLIST_FILE = YES;
				INFOPLIST_FILE = AluraViagens/Info.plist;
				INFOPLIST_KEY_UIApplicationSupportsIndirectInputEvents = YES;
				INFOPLIST_KEY_UILaunchStoryboardName = LaunchScreen;
				INFOPLIST_KEY_UIMainStoryboardFile = Main;
				INFOPLIST_KEY_UISupportedInterfaceOrientations_iPad = "UIInterfaceOrientationPortrait UIInterfaceOrientationPortraitUpsideDown UIInterfaceOrientationLandscapeLeft UIInterfaceOrientationLandscapeRight";
				INFOPLIST_KEY_UISupportedInterfaceOrientations_iPhone = "UIInterfaceOrientationPortrait UIInterfaceOrientationLandscapeLeft UIInterfaceOrientationLandscapeRight";
				IPHONEOS_DEPLOYMENT_TARGET = 16.1;
				LD_RUNPATH_SEARCH_PATHS = (
					"$(inherited)",
					"@executable_path/Frameworks",
				);
				MARKETING_VERSION = 1.0;
				PRODUCT_BUNDLE_IDENTIFIER = ricardo.amaral.AluraViagens;
				PRODUCT_NAME = "$(TARGET_NAME)";
				SWIFT_EMIT_LOC_STRINGS = YES;
				SWIFT_VERSION = 5.0;
				TARGETED_DEVICE_FAMILY = "1,2";
			};
			name = Release;
		};
/* End XCBuildConfiguration section */

/* Begin XCConfigurationList section */
		6AF6F9172B3332EB00901F1F /* Build configuration list for PBXProject "AluraViagens" */ = {
			isa = XCConfigurationList;
			buildConfigurations = (
				6AF6F92E2B3332EC00901F1F /* Debug */,
				6AF6F92F2B3332EC00901F1F /* Release */,
			);
			defaultConfigurationIsVisible = 0;
			defaultConfigurationName = Release;
		};
		6AF6F9302B3332EC00901F1F /* Build configuration list for PBXNativeTarget "AluraViagens" */ = {
			isa = XCConfigurationList;
			buildConfigurations = (
				6AF6F9312B3332EC00901F1F /* Debug */,
				6AF6F9322B3332EC00901F1F /* Release */,
			);
			defaultConfigurationIsVisible = 0;
			defaultConfigurationName = Release;
		};
/* End XCConfigurationList section */
	};
	rootObject = 6AF6F9142B3332EB00901F1F /* Project object */;
}
